
Microsoft Visual Studio Solution File, Format Version 12.00
# Visual Studio Version 16
VisualStudioVersion = 16.0.31702.278
MinimumVisualStudioVersion = 10.0.40219.1
Project("{FAE04EC0-301F-11D3-BF4B-00C04F79EFBC}") = "Workers", "Workers\Workers.csproj", "{3AF0F858-5D7C-4700-B8E4-0B21DCB599BA}"
EndProject
Global
	GlobalSection(SolutionConfigurationPlatforms) = preSolution
		Debug|Any CPU = Debug|Any CPU
		Release|Any CPU = Release|Any CPU
	EndGlobalSection
	GlobalSection(ProjectConfigurationPlatforms) = postSolution
		{3AF0F858-5D7C-4700-B8E4-0B21DCB599BA}.Debug|Any CPU.ActiveCfg = Debug|Any CPU
		{3AF0F858-5D7C-4700-B8E4-0B21DCB599BA}.Debug|Any CPU.Build.0 = Debug|Any CPU
		{3AF0F858-5D7C-4700-B8E4-0B21DCB599BA}.Release|Any CPU.ActiveCfg = Release|Any CPU
		{3AF0F858-5D7C-4700-B8E4-0B21DCB599BA}.Release|Any CPU.Build.0 = Release|Any CPU
	EndGlobalSection
	GlobalSection(SolutionProperties) = preSolution
		HideSolutionNode = FALSE
	EndGlobalSection
	GlobalSection(ExtensibilityGlobals) = postSolution
		SolutionGuid = {EF7FD62C-8874-4549-A498-CD0E5B65DD2D}
	EndGlobalSection
EndGlobal
