
Microsoft Visual Studio Solution File, Format Version 12.00
# Visual Studio Version 16
VisualStudioVersion = 16.0.31702.278
MinimumVisualStudioVersion = 10.0.40219.1
Project("{FAE04EC0-301F-11D3-BF4B-00C04F79EFBC}") = "CleverLily", "CleverLily\CleverLily.csproj", "{EF3508F8-47DF-4972-9803-51C91E1E7DD1}"
EndProject
Global
	GlobalSection(SolutionConfigurationPlatforms) = preSolution
		Debug|Any CPU = Debug|Any CPU
		Release|Any CPU = Release|Any CPU
	EndGlobalSection
	GlobalSection(ProjectConfigurationPlatforms) = postSolution
		{EF3508F8-47DF-4972-9803-51C91E1E7DD1}.Debug|Any CPU.ActiveCfg = Debug|Any CPU
		{EF3508F8-47DF-4972-9803-51C91E1E7DD1}.Debug|Any CPU.Build.0 = Debug|Any CPU
		{EF3508F8-47DF-4972-9803-51C91E1E7DD1}.Release|Any CPU.ActiveCfg = Release|Any CPU
		{EF3508F8-47DF-4972-9803-51C91E1E7DD1}.Release|Any CPU.Build.0 = Release|Any CPU
	EndGlobalSection
	GlobalSection(SolutionProperties) = preSolution
		HideSolutionNode = FALSE
	EndGlobalSection
	GlobalSection(ExtensibilityGlobals) = postSolution
		SolutionGuid = {787FA1ED-8AFA-4A48-8DBE-41603A2F6522}
	EndGlobalSection
EndGlobal
