
Microsoft Visual Studio Solution File, Format Version 12.00
# Visual Studio Version 16
VisualStudioVersion = 16.0.31702.278
MinimumVisualStudioVersion = 10.0.40219.1
Project("{FAE04EC0-301F-11D3-BF4B-00C04F79EFBC}") = "Restaurant", "Restaurant\Restaurant.csproj", "{09D16E7B-DEC2-4617-8434-AE1BF52E3BAC}"
EndProject
Global
	GlobalSection(SolutionConfigurationPlatforms) = preSolution
		Debug|Any CPU = Debug|Any CPU
		Release|Any CPU = Release|Any CPU
	EndGlobalSection
	GlobalSection(ProjectConfigurationPlatforms) = postSolution
		{09D16E7B-DEC2-4617-8434-AE1BF52E3BAC}.Debug|Any CPU.ActiveCfg = Debug|Any CPU
		{09D16E7B-DEC2-4617-8434-AE1BF52E3BAC}.Debug|Any CPU.Build.0 = Debug|Any CPU
		{09D16E7B-DEC2-4617-8434-AE1BF52E3BAC}.Release|Any CPU.ActiveCfg = Release|Any CPU
		{09D16E7B-DEC2-4617-8434-AE1BF52E3BAC}.Release|Any CPU.Build.0 = Release|Any CPU
	EndGlobalSection
	GlobalSection(SolutionProperties) = preSolution
		HideSolutionNode = FALSE
	EndGlobalSection
	GlobalSection(ExtensibilityGlobals) = postSolution
		SolutionGuid = {14F6C544-1750-4EF9-93BF-2B43E566D714}
	EndGlobalSection
EndGlobal
