
Microsoft Visual Studio Solution File, Format Version 12.00
# Visual Studio Version 16
VisualStudioVersion = 16.0.31702.278
MinimumVisualStudioVersion = 10.0.40219.1
Project("{FAE04EC0-301F-11D3-BF4B-00C04F79EFBC}") = "solarSystem", "solarSystem\solarSystem.csproj", "{6132B2BD-5904-47D7-95CE-26A3CE639BFD}"
EndProject
Global
	GlobalSection(SolutionConfigurationPlatforms) = preSolution
		Debug|Any CPU = Debug|Any CPU
		Release|Any CPU = Release|Any CPU
	EndGlobalSection
	GlobalSection(ProjectConfigurationPlatforms) = postSolution
		{6132B2BD-5904-47D7-95CE-26A3CE639BFD}.Debug|Any CPU.ActiveCfg = Debug|Any CPU
		{6132B2BD-5904-47D7-95CE-26A3CE639BFD}.Debug|Any CPU.Build.0 = Debug|Any CPU
		{6132B2BD-5904-47D7-95CE-26A3CE639BFD}.Release|Any CPU.ActiveCfg = Release|Any CPU
		{6132B2BD-5904-47D7-95CE-26A3CE639BFD}.Release|Any CPU.Build.0 = Release|Any CPU
	EndGlobalSection
	GlobalSection(SolutionProperties) = preSolution
		HideSolutionNode = FALSE
	EndGlobalSection
	GlobalSection(ExtensibilityGlobals) = postSolution
		SolutionGuid = {0987190E-1AD4-4D0C-9D5C-F40802421767}
	EndGlobalSection
EndGlobal
