
Microsoft Visual Studio Solution File, Format Version 12.00
# Visual Studio Version 16
VisualStudioVersion = 16.0.31702.278
MinimumVisualStudioVersion = 10.0.40219.1
Project("{FAE04EC0-301F-11D3-BF4B-00C04F79EFBC}") = "Pool", "Pool\Pool.csproj", "{3E638DC1-5E2E-403D-B336-F44DBBBF525F}"
EndProject
Global
	GlobalSection(SolutionConfigurationPlatforms) = preSolution
		Debug|Any CPU = Debug|Any CPU
		Release|Any CPU = Release|Any CPU
	EndGlobalSection
	GlobalSection(ProjectConfigurationPlatforms) = postSolution
		{3E638DC1-5E2E-403D-B336-F44DBBBF525F}.Debug|Any CPU.ActiveCfg = Debug|Any CPU
		{3E638DC1-5E2E-403D-B336-F44DBBBF525F}.Debug|Any CPU.Build.0 = Debug|Any CPU
		{3E638DC1-5E2E-403D-B336-F44DBBBF525F}.Release|Any CPU.ActiveCfg = Release|Any CPU
		{3E638DC1-5E2E-403D-B336-F44DBBBF525F}.Release|Any CPU.Build.0 = Release|Any CPU
	EndGlobalSection
	GlobalSection(SolutionProperties) = preSolution
		HideSolutionNode = FALSE
	EndGlobalSection
	GlobalSection(ExtensibilityGlobals) = postSolution
		SolutionGuid = {7AC8A2F1-8306-44F3-A376-BB3D87C87EAD}
	EndGlobalSection
EndGlobal
