
Microsoft Visual Studio Solution File, Format Version 12.00
# Visual Studio Version 16
VisualStudioVersion = 16.0.31702.278
MinimumVisualStudioVersion = 10.0.40219.1
Project("{FAE04EC0-301F-11D3-BF4B-00C04F79EFBC}") = "Sport", "Sport\Sport.csproj", "{69E2C603-8046-4802-B427-AF17A814283E}"
EndProject
Global
	GlobalSection(SolutionConfigurationPlatforms) = preSolution
		Debug|Any CPU = Debug|Any CPU
		Release|Any CPU = Release|Any CPU
	EndGlobalSection
	GlobalSection(ProjectConfigurationPlatforms) = postSolution
		{69E2C603-8046-4802-B427-AF17A814283E}.Debug|Any CPU.ActiveCfg = Debug|Any CPU
		{69E2C603-8046-4802-B427-AF17A814283E}.Debug|Any CPU.Build.0 = Debug|Any CPU
		{69E2C603-8046-4802-B427-AF17A814283E}.Release|Any CPU.ActiveCfg = Release|Any CPU
		{69E2C603-8046-4802-B427-AF17A814283E}.Release|Any CPU.Build.0 = Release|Any CPU
	EndGlobalSection
	GlobalSection(SolutionProperties) = preSolution
		HideSolutionNode = FALSE
	EndGlobalSection
	GlobalSection(ExtensibilityGlobals) = postSolution
		SolutionGuid = {EB852C0B-D956-4513-8FB2-A3F3709AE7BC}
	EndGlobalSection
EndGlobal
